
Microsoft Visual Studio Solution File, Format Version 12.00
# Visual Studio 15
VisualStudioVersion = 15.0.28307.421
MinimumVisualStudioVersion = 10.0.40219.1
Project("{FAE04EC0-301F-11D3-BF4B-00C04F79EFBC}") = "AzureBLOBmp4Parser", "AzureBLOBmp4Parser\AzureBLOBmp4Parser.csproj", "{3042BA6F-129E-41B4-8E9C-38F2D934F3BE}"
EndProject
Global
	GlobalSection(SolutionConfigurationPlatforms) = preSolution
		Debug|Any CPU = Debug|Any CPU
		Release|Any CPU = Release|Any CPU
	EndGlobalSection
	GlobalSection(ProjectConfigurationPlatforms) = postSolution
		{3042BA6F-129E-41B4-8E9C-38F2D934F3BE}.Debug|Any CPU.ActiveCfg = Debug|Any CPU
		{3042BA6F-129E-41B4-8E9C-38F2D934F3BE}.Debug|Any CPU.Build.0 = Debug|Any CPU
		{3042BA6F-129E-41B4-8E9C-38F2D934F3BE}.Release|Any CPU.ActiveCfg = Release|Any CPU
		{3042BA6F-129E-41B4-8E9C-38F2D934F3BE}.Release|Any CPU.Build.0 = Release|Any CPU
	EndGlobalSection
	GlobalSection(SolutionProperties) = preSolution
		HideSolutionNode = FALSE
	EndGlobalSection
	GlobalSection(ExtensibilityGlobals) = postSolution
		SolutionGuid = {3B2E8E9C-42E8-4469-8272-C171BEE6DE96}
	EndGlobalSection
EndGlobal
